
Microsoft Visual Studio Solution File, Format Version 12.00
# Visual Studio Version 17
VisualStudioVersion = 17.0.31903.59
MinimumVisualStudioVersion = 10.0.40219.1
Project("{FAE04EC0-301F-11D3-BF4B-00C04F79EFBC}") = "EX20", "SourceFile\EX20.csproj", "{A756F87C-27E3-AF8A-DAD7-2EFCC0A55F1B}"
EndProject
Global
	GlobalSection(SolutionConfigurationPlatforms) = preSolution
		Debug|Any CPU = Debug|Any CPU
		Release|Any CPU = Release|Any CPU
	EndGlobalSection
	GlobalSection(ProjectConfigurationPlatforms) = postSolution
		{A756F87C-27E3-AF8A-DAD7-2EFCC0A55F1B}.Debug|Any CPU.ActiveCfg = Debug|Any CPU
		{A756F87C-27E3-AF8A-DAD7-2EFCC0A55F1B}.Debug|Any CPU.Build.0 = Debug|Any CPU
		{A756F87C-27E3-AF8A-DAD7-2EFCC0A55F1B}.Release|Any CPU.ActiveCfg = Release|Any CPU
		{A756F87C-27E3-AF8A-DAD7-2EFCC0A55F1B}.Release|Any CPU.Build.0 = Release|Any CPU
	EndGlobalSection
	GlobalSection(SolutionProperties) = preSolution
		HideSolutionNode = FALSE
	EndGlobalSection
	GlobalSection(ExtensibilityGlobals) = postSolution
		SolutionGuid = {712C1F6E-D2C7-4430-9C97-96597AAC474F}
	EndGlobalSection
EndGlobal
